
Microsoft Visual Studio Solution File, Format Version 12.00
# Visual Studio 15
VisualStudioVersion = 15.0.27130.2010
MinimumVisualStudioVersion = 10.0.40219.1
Project("{FAE04EC0-301F-11D3-BF4B-00C04F79EFBC}") = "SE2_TicTacToe", "SE2_TicTacToe\SE2_TicTacToe.csproj", "{D95B424A-0609-47B3-B127-214F97160156}"
EndProject
Global
	GlobalSection(SolutionConfigurationPlatforms) = preSolution
		Debug|Any CPU = Debug|Any CPU
		Release|Any CPU = Release|Any CPU
	EndGlobalSection
	GlobalSection(ProjectConfigurationPlatforms) = postSolution
		{D95B424A-0609-47B3-B127-214F97160156}.Debug|Any CPU.ActiveCfg = Debug|Any CPU
		{D95B424A-0609-47B3-B127-214F97160156}.Debug|Any CPU.Build.0 = Debug|Any CPU
		{D95B424A-0609-47B3-B127-214F97160156}.Release|Any CPU.ActiveCfg = Release|Any CPU
		{D95B424A-0609-47B3-B127-214F97160156}.Release|Any CPU.Build.0 = Release|Any CPU
	EndGlobalSection
	GlobalSection(SolutionProperties) = preSolution
		HideSolutionNode = FALSE
	EndGlobalSection
	GlobalSection(ExtensibilityGlobals) = postSolution
		SolutionGuid = {56D53BE0-4AB8-4132-A0CF-20236C41CAFB}
	EndGlobalSection
EndGlobal
